
Microsoft Visual Studio Solution File, Format Version 12.00
# Visual Studio Version 16
VisualStudioVersion = 16.0.29411.108
MinimumVisualStudioVersion = 10.0.40219.1
Project("{FAE04EC0-301F-11D3-BF4B-00C04F79EFBC}") = "Proyecto", "Proyecto.csproj", "{BD156747-3170-432E-87D5-35A492F94628}"
EndProject
Global
	GlobalSection(SolutionConfigurationPlatforms) = preSolution
		Debug|Any CPU = Debug|Any CPU
		Release|Any CPU = Release|Any CPU
	EndGlobalSection
	GlobalSection(ProjectConfigurationPlatforms) = postSolution
		{BD156747-3170-432E-87D5-35A492F94628}.Debug|Any CPU.ActiveCfg = Debug|Any CPU
		{BD156747-3170-432E-87D5-35A492F94628}.Debug|Any CPU.Build.0 = Debug|Any CPU
		{BD156747-3170-432E-87D5-35A492F94628}.Release|Any CPU.ActiveCfg = Release|Any CPU
		{BD156747-3170-432E-87D5-35A492F94628}.Release|Any CPU.Build.0 = Release|Any CPU
	EndGlobalSection
	GlobalSection(SolutionProperties) = preSolution
		HideSolutionNode = FALSE
	EndGlobalSection
	GlobalSection(ExtensibilityGlobals) = postSolution
		SolutionGuid = {E4E0B826-361A-4158-A35D-6A572FE8461C}
	EndGlobalSection
EndGlobal
